
Microsoft Visual Studio Solution File, Format Version 12.00
# Visual Studio Version 17
VisualStudioVersion = 17.4.33213.308
MinimumVisualStudioVersion = 10.0.40219.1
Project("{FAE04EC0-301F-11D3-BF4B-00C04F79EFBC}") = "AtmApps", "AtmApps\AtmApps.csproj", "{06BED2E0-CED0-491E-9E1A-3CADB7F2E15F}"
EndProject
Global
	GlobalSection(SolutionConfigurationPlatforms) = preSolution
		Debug|Any CPU = Debug|Any CPU
		Release|Any CPU = Release|Any CPU
	EndGlobalSection
	GlobalSection(ProjectConfigurationPlatforms) = postSolution
		{06BED2E0-CED0-491E-9E1A-3CADB7F2E15F}.Debug|Any CPU.ActiveCfg = Debug|Any CPU
		{06BED2E0-CED0-491E-9E1A-3CADB7F2E15F}.Debug|Any CPU.Build.0 = Debug|Any CPU
		{06BED2E0-CED0-491E-9E1A-3CADB7F2E15F}.Release|Any CPU.ActiveCfg = Release|Any CPU
		{06BED2E0-CED0-491E-9E1A-3CADB7F2E15F}.Release|Any CPU.Build.0 = Release|Any CPU
	EndGlobalSection
	GlobalSection(SolutionProperties) = preSolution
		HideSolutionNode = FALSE
	EndGlobalSection
	GlobalSection(ExtensibilityGlobals) = postSolution
		SolutionGuid = {2DE4842E-5BE0-45E3-A372-C1A08BDD9EF5}
	EndGlobalSection
EndGlobal
